
Microsoft Visual Studio Solution File, Format Version 12.00
# Visual Studio Version 17
VisualStudioVersion = 17.3.32929.385
MinimumVisualStudioVersion = 10.0.40219.1
Project("{FAE04EC0-301F-11D3-BF4B-00C04F79EFBC}") = "UseCase2", "UseCase2\UseCase2.csproj", "{1F99C719-51DB-49AA-96BC-F26F63AC5427}"
EndProject
Global
	GlobalSection(SolutionConfigurationPlatforms) = preSolution
		Debug|Any CPU = Debug|Any CPU
		Release|Any CPU = Release|Any CPU
	EndGlobalSection
	GlobalSection(ProjectConfigurationPlatforms) = postSolution
		{1F99C719-51DB-49AA-96BC-F26F63AC5427}.Debug|Any CPU.ActiveCfg = Debug|Any CPU
		{1F99C719-51DB-49AA-96BC-F26F63AC5427}.Debug|Any CPU.Build.0 = Debug|Any CPU
		{1F99C719-51DB-49AA-96BC-F26F63AC5427}.Release|Any CPU.ActiveCfg = Release|Any CPU
		{1F99C719-51DB-49AA-96BC-F26F63AC5427}.Release|Any CPU.Build.0 = Release|Any CPU
	EndGlobalSection
	GlobalSection(SolutionProperties) = preSolution
		HideSolutionNode = FALSE
	EndGlobalSection
	GlobalSection(ExtensibilityGlobals) = postSolution
		SolutionGuid = {73D4C57A-B707-40A4-BED3-6BA4ED9E36BF}
	EndGlobalSection
EndGlobal
